
Microsoft Visual Studio Solution File, Format Version 12.00
# Visual Studio Version 17
VisualStudioVersion = 17.5.2.0
MinimumVisualStudioVersion = 10.0.40219.1
Project("{2150E333-8FDC-42A3-9474-1A3956D46DE8}") = "src", "src", "{827E0CD3-B72D-47B6-A68D-7590B98EB39B}"
EndProject
Project("{FAE04EC0-301F-11D3-BF4B-00C04F79EFBC}") = "EmployeeFlow", "src\EmployeeFlow\EmployeeFlow.csproj", "{09C75AE9-F98E-4D81-8B3D-83503EF540C3}"
EndProject
Project("{2150E333-8FDC-42A3-9474-1A3956D46DE8}") = "tests", "tests", "{0AB3BF05-4346-4AA6-1389-037BE0695223}"
EndProject
Project("{FAE04EC0-301F-11D3-BF4B-00C04F79EFBC}") = "EmployeeFlow.Tests", "tests\EmployeeFlow.Tests\EmployeeFlow.Tests.csproj", "{BD56E9E0-24E8-4C25-B54D-036DA9EDA42D}"
EndProject
Global
	GlobalSection(SolutionConfigurationPlatforms) = preSolution
		Debug|Any CPU = Debug|Any CPU
		Debug|x64 = Debug|x64
		Debug|x86 = Debug|x86
		Release|Any CPU = Release|Any CPU
		Release|x64 = Release|x64
		Release|x86 = Release|x86
	EndGlobalSection
	GlobalSection(ProjectConfigurationPlatforms) = postSolution
		{09C75AE9-F98E-4D81-8B3D-83503EF540C3}.Debug|Any CPU.ActiveCfg = Debug|Any CPU
		{09C75AE9-F98E-4D81-8B3D-83503EF540C3}.Debug|Any CPU.Build.0 = Debug|Any CPU
		{09C75AE9-F98E-4D81-8B3D-83503EF540C3}.Debug|x64.ActiveCfg = Debug|Any CPU
		{09C75AE9-F98E-4D81-8B3D-83503EF540C3}.Debug|x64.Build.0 = Debug|Any CPU
		{09C75AE9-F98E-4D81-8B3D-83503EF540C3}.Debug|x86.ActiveCfg = Debug|Any CPU
		{09C75AE9-F98E-4D81-8B3D-83503EF540C3}.Debug|x86.Build.0 = Debug|Any CPU
		{09C75AE9-F98E-4D81-8B3D-83503EF540C3}.Release|Any CPU.ActiveCfg = Release|Any CPU
		{09C75AE9-F98E-4D81-8B3D-83503EF540C3}.Release|Any CPU.Build.0 = Release|Any CPU
		{09C75AE9-F98E-4D81-8B3D-83503EF540C3}.Release|x64.ActiveCfg = Release|Any CPU
		{09C75AE9-F98E-4D81-8B3D-83503EF540C3}.Release|x64.Build.0 = Release|Any CPU
		{09C75AE9-F98E-4D81-8B3D-83503EF540C3}.Release|x86.ActiveCfg = Release|Any CPU
		{09C75AE9-F98E-4D81-8B3D-83503EF540C3}.Release|x86.Build.0 = Release|Any CPU
		{BD56E9E0-24E8-4C25-B54D-036DA9EDA42D}.Debug|Any CPU.ActiveCfg = Debug|Any CPU
		{BD56E9E0-24E8-4C25-B54D-036DA9EDA42D}.Debug|Any CPU.Build.0 = Debug|Any CPU
		{BD56E9E0-24E8-4C25-B54D-036DA9EDA42D}.Debug|x64.ActiveCfg = Debug|Any CPU
		{BD56E9E0-24E8-4C25-B54D-036DA9EDA42D}.Debug|x64.Build.0 = Debug|Any CPU
		{BD56E9E0-24E8-4C25-B54D-036DA9EDA42D}.Debug|x86.ActiveCfg = Debug|Any CPU
		{BD56E9E0-24E8-4C25-B54D-036DA9EDA42D}.Debug|x86.Build.0 = Debug|Any CPU
		{BD56E9E0-24E8-4C25-B54D-036DA9EDA42D}.Release|Any CPU.ActiveCfg = Release|Any CPU
		{BD56E9E0-24E8-4C25-B54D-036DA9EDA42D}.Release|Any CPU.Build.0 = Release|Any CPU
		{BD56E9E0-24E8-4C25-B54D-036DA9EDA42D}.Release|x64.ActiveCfg = Release|Any CPU
		{BD56E9E0-24E8-4C25-B54D-036DA9EDA42D}.Release|x64.Build.0 = Release|Any CPU
		{BD56E9E0-24E8-4C25-B54D-036DA9EDA42D}.Release|x86.ActiveCfg = Release|Any CPU
		{BD56E9E0-24E8-4C25-B54D-036DA9EDA42D}.Release|x86.Build.0 = Release|Any CPU
	EndGlobalSection
	GlobalSection(SolutionProperties) = preSolution
		HideSolutionNode = FALSE
	EndGlobalSection
	GlobalSection(NestedProjects) = preSolution
		{09C75AE9-F98E-4D81-8B3D-83503EF540C3} = {827E0CD3-B72D-47B6-A68D-7590B98EB39B}
		{BD56E9E0-24E8-4C25-B54D-036DA9EDA42D} = {0AB3BF05-4346-4AA6-1389-037BE0695223}
	EndGlobalSection
	GlobalSection(ExtensibilityGlobals) = postSolution
		SolutionGuid = {32C5FFF7-6E4B-43D6-BA20-F40E3F69CC27}
	EndGlobalSection
EndGlobal
